// !$*UTF8*$!
{
	archiveVersion = 1;
	classes = {
	};
	objectVersion = 77;
	objects = {

/* Begin PBXBuildFile section */
		37565EA22F452C700001F4D6 /* Readability in Frameworks */ = {isa = PBXBuildFile; productRef = 37565EA12F452C700001F4D6 /* Readability */; };
		37565EA42F452C700001F4D6 /* ReadabilityUI in Frameworks */ = {isa = PBXBuildFile; productRef = 37565EA32F452C700001F4D6 /* ReadabilityUI */; };
/* End PBXBuildFile section */

/* Begin PBXContainerItemProxy section */
		37DCBD962D4F220000F87CB6 /* PBXContainerItemProxy */ = {
			isa = PBXContainerItemProxy;
			containerPortal = 37DCBD7A2D4F21FE00F87CB6 /* Project object */;
			proxyType = 1;
			remoteGlobalIDString = 37DCBD812D4F21FE00F87CB6;
			remoteInfo = SimpleNews;
		};
		37DCBDA02D4F220000F87CB6 /* PBXContainerItemProxy */ = {
			isa = PBXContainerItemProxy;
			containerPortal = 37DCBD7A2D4F21FE00F87CB6 /* Project object */;
			proxyType = 1;
			remoteGlobalIDString = 37DCBD812D4F21FE00F87CB6;
			remoteInfo = SimpleNews;
		};
/* End PBXContainerItemProxy section */

/* Begin PBXFileReference section */
		37DCBD822D4F21FE00F87CB6 /* SimpleNews.app */ = {isa = PBXFileReference; explicitFileType = wrapper.application; includeInIndex = 0; path = SimpleNews.app; sourceTree = BUILT_PRODUCTS_DIR; };
		37DCBD952D4F220000F87CB6 /* SimpleNewsTests.xctest */ = {isa = PBXFileReference; explicitFileType = wrapper.cfbundle; includeInIndex = 0; path = SimpleNewsTests.xctest; sourceTree = BUILT_PRODUCTS_DIR; };
		37DCBD9F2D4F220000F87CB6 /* SimpleNewsUITests.xctest */ = {isa = PBXFileReference; explicitFileType = wrapper.cfbundle; includeInIndex = 0; path = SimpleNewsUITests.xctest; sourceTree = BUILT_PRODUCTS_DIR; };
/* End PBXFileReference section */

/* Begin PBXFileSystemSynchronizedRootGroup section */
		37DCBD842D4F21FE00F87CB6 /* SimpleNews */ = {
			isa = PBXFileSystemSynchronizedRootGroup;
			path = SimpleNews;
			sourceTree = "<group>";
		};
		37DCBD982D4F220000F87CB6 /* SimpleNewsTests */ = {
			isa = PBXFileSystemSynchronizedRootGroup;
			path = SimpleNewsTests;
			sourceTree = "<group>";
		};
		37DCBDA22D4F220000F87CB6 /* SimpleNewsUITests */ = {
			isa = PBXFileSystemSynchronizedRootGroup;
			path = SimpleNewsUITests;
			sourceTree = "<group>";
		};
/* End PBXFileSystemSynchronizedRootGroup section */

/* Begin PBXFrameworksBuildPhase section */
		37DCBD7F2D4F21FE00F87CB6 /* Frameworks */ = {
			isa = PBXFrameworksBuildPhase;
			buildActionMask = 2147483647;
			files = (
				37565EA22F452C700001F4D6 /* Readability in Frameworks */,
				37565EA42F452C700001F4D6 /* ReadabilityUI in Frameworks */,
			);
			runOnlyForDeploymentPostprocessing = 0;
		};
		37DCBD922D4F220000F87CB6 /* Frameworks */ = {
			isa = PBXFrameworksBuildPhase;
			buildActionMask = 2147483647;
			files = (
			);
			runOnlyForDeploymentPostprocessing = 0;
		};
		37DCBD9C2D4F220000F87CB6 /* Frameworks */ = {
			isa = PBXFrameworksBuildPhase;
			buildActionMask = 2147483647;
			files = (
			);
			runOnlyForDeploymentPostprocessing = 0;
		};
/* End PBXFrameworksBuildPhase section */

/* Begin PBXGroup section */
		37565EA02F452C700001F4D6 /* Frameworks */ = {
			isa = PBXGroup;
			children = (
			);
			name = Frameworks;
			sourceTree = "<group>";
		};
		37DCBD792D4F21FE00F87CB6 = {
			isa = PBXGroup;
			children = (
				37DCBD842D4F21FE00F87CB6 /* SimpleNews */,
				37DCBD982D4F220000F87CB6 /* SimpleNewsTests */,
				37DCBDA22D4F220000F87CB6 /* SimpleNewsUITests */,
				37565EA02F452C700001F4D6 /* Frameworks */,
				37DCBD832D4F21FE00F87CB6 /* Products */,
			);
			sourceTree = "<group>";
		};
		37DCBD832D4F21FE00F87CB6 /* Products */ = {
			isa = PBXGroup;
			children = (
				37DCBD822D4F21FE00F87CB6 /* SimpleNews.app */,
				37DCBD952D4F220000F87CB6 /* SimpleNewsTests.xctest */,
				37DCBD9F2D4F220000F87CB6 /* SimpleNewsUITests.xctest */,
			);
			name = Products;
			sourceTree = "<group>";
		};
/* End PBXGroup section */

/* Begin PBXNativeTarget section */
		37DCBD812D4F21FE00F87CB6 /* SimpleNews */ = {
			isa = PBXNativeTarget;
			buildConfigurationList = 37DCBDA92D4F220000F87CB6 /* Build configuration list for PBXNativeTarget "SimpleNews" */;
			buildPhases = (
				37DCBD7E2D4F21FE00F87CB6 /* Sources */,
				37DCBD7F2D4F21FE00F87CB6 /* Frameworks */,
				37DCBD802D4F21FE00F87CB6 /* Resources */,
			);
			buildRules = (
			);
			dependencies = (
			);
			fileSystemSynchronizedGroups = (
				37DCBD842D4F21FE00F87CB6 /* SimpleNews */,
			);
			name = SimpleNews;
			packageProductDependencies = (
				37565EA12F452C700001F4D6 /* Readability */,
				37565EA32F452C700001F4D6 /* ReadabilityUI */,
			);
			productName = SimpleNews;
			productReference = 37DCBD822D4F21FE00F87CB6 /* SimpleNews.app */;
			productType = "com.apple.product-type.application";
		};
		37DCBD942D4F220000F87CB6 /* SimpleNewsTests */ = {
			isa = PBXNativeTarget;
			buildConfigurationList = 37DCBDAC2D4F220000F87CB6 /* Build configuration list for PBXNativeTarget "SimpleNewsTests" */;
			buildPhases = (
				37DCBD912D4F220000F87CB6 /* Sources */,
				37DCBD922D4F220000F87CB6 /* Frameworks */,
				37DCBD932D4F220000F87CB6 /* Resources */,
			);
			buildRules = (
			);
			dependencies = (
				37DCBD972D4F220000F87CB6 /* PBXTargetDependency */,
			);
			fileSystemSynchronizedGroups = (
				37DCBD982D4F220000F87CB6 /* SimpleNewsTests */,
			);
			name = SimpleNewsTests;
			packageProductDependencies = (
			);
			productName = SimpleNewsTests;
			productReference = 37DCBD952D4F220000F87CB6 /* SimpleNewsTests.xctest */;
			productType = "com.apple.product-type.bundle.unit-test";
		};
		37DCBD9E2D4F220000F87CB6 /* SimpleNewsUITests */ = {
			isa = PBXNativeTarget;
			buildConfigurationList = 37DCBDAF2D4F220000F87CB6 /* Build configuration list for PBXNativeTarget "SimpleNewsUITests" */;
			buildPhases = (
				37DCBD9B2D4F220000F87CB6 /* Sources */,
				37DCBD9C2D4F220000F87CB6 /* Frameworks */,
				37DCBD9D2D4F220000F87CB6 /* Resources */,
			);
			buildRules = (
			);
			dependencies = (
				37DCBDA12D4F220000F87CB6 /* PBXTargetDependency */,
			);
			fileSystemSynchronizedGroups = (
				37DCBDA22D4F220000F87CB6 /* SimpleNewsUITests */,
			);
			name = SimpleNewsUITests;
			packageProductDependencies = (
			);
			productName = SimpleNewsUITests;
			productReference = 37DCBD9F2D4F220000F87CB6 /* SimpleNewsUITests.xctest */;
			productType = "com.apple.product-type.bundle.ui-testing";
		};
/* End PBXNativeTarget section */

/* Begin PBXProject section */
		37DCBD7A2D4F21FE00F87CB6 /* Project object */ = {
			isa = PBXProject;
			attributes = {
				BuildIndependentTargetsInParallel = 1;
				LastSwiftUpdateCheck = 1620;
				LastUpgradeCheck = 2620;
				TargetAttributes = {
					37DCBD812D4F21FE00F87CB6 = {
						CreatedOnToolsVersion = 16.2;
					};
					37DCBD942D4F220000F87CB6 = {
						CreatedOnToolsVersion = 16.2;
						TestTargetID = 37DCBD812D4F21FE00F87CB6;
					};
					37DCBD9E2D4F220000F87CB6 = {
						CreatedOnToolsVersion = 16.2;
						TestTargetID = 37DCBD812D4F21FE00F87CB6;
					};
				};
			};
			buildConfigurationList = 37DCBD7D2D4F21FE00F87CB6 /* Build configuration list for PBXProject "SimpleNews" */;
			developmentRegion = en;
			hasScannedForEncodings = 0;
			knownRegions = (
				en,
				Base,
			);
			mainGroup = 37DCBD792D4F21FE00F87CB6;
			minimizedProjectReferenceProxies = 1;
			packageReferences = (
				37565E9F2F4529C00001F4D6 /* XCRemoteSwiftPackageReference "swift-readability" */,
			);
			preferredProjectObjectVersion = 77;
			productRefGroup = 37DCBD832D4F21FE00F87CB6 /* Products */;
			projectDirPath = "";
			projectRoot = "";
			targets = (
				37DCBD812D4F21FE00F87CB6 /* SimpleNews */,
				37DCBD942D4F220000F87CB6 /* SimpleNewsTests */,
				37DCBD9E2D4F220000F87CB6 /* SimpleNewsUITests */,
			);
		};
/* End PBXProject section */

/* Begin PBXResourcesBuildPhase section */
		37DCBD802D4F21FE00F87CB6 /* Resources */ = {
			isa = PBXResourcesBuildPhase;
			buildActionMask = 2147483647;
			files = (
			);
			runOnlyForDeploymentPostprocessing = 0;
		};
		37DCBD932D4F220000F87CB6 /* Resources */ = {
			isa = PBXResourcesBuildPhase;
			buildActionMask = 2147483647;
			files = (
			);
			runOnlyForDeploymentPostprocessing = 0;
		};
		37DCBD9D2D4F220000F87CB6 /* Resources */ = {
			isa = PBXResourcesBuildPhase;
			buildActionMask = 2147483647;
			files = (
			);
			runOnlyForDeploymentPostprocessing = 0;
		};
/* End PBXResourcesBuildPhase section */

/* Begin PBXSourcesBuildPhase section */
		37DCBD7E2D4F21FE00F87CB6 /* Sources */ = {
			isa = PBXSourcesBuildPhase;
			buildActionMask = 2147483647;
			files = (
			);
			runOnlyForDeploymentPostprocessing = 0;
		};
		37DCBD912D4F220000F87CB6 /* Sources */ = {
			isa = PBXSourcesBuildPhase;
			buildActionMask = 2147483647;
			files = (
			);
			runOnlyForDeploymentPostprocessing = 0;
		};
		37DCBD9B2D4F220000F87CB6 /* Sources */ = {
			isa = PBXSourcesBuildPhase;
			buildActionMask = 2147483647;
			files = (
			);
			runOnlyForDeploymentPostprocessing = 0;
		};
/* End PBXSourcesBuildPhase section */

/* Begin PBXTargetDependency section */
		37DCBD972D4F220000F87CB6 /* PBXTargetDependency */ = {
			isa = PBXTargetDependency;
			target = 37DCBD812D4F21FE00F87CB6 /* SimpleNews */;
			targetProxy = 37DCBD962D4F220000F87CB6 /* PBXContainerItemProxy */;
		};
		37DCBDA12D4F220000F87CB6 /* PBXTargetDependency */ = {
			isa = PBXTargetDependency;
			target = 37DCBD812D4F21FE00F87CB6 /* SimpleNews */;
			targetProxy = 37DCBDA02D4F220000F87CB6 /* PBXContainerItemProxy */;
		};
/* End PBXTargetDependency section */

/* Begin XCBuildConfiguration section */
		37DCBDA72D4F220000F87CB6 /* Debug */ = {
			isa = XCBuildConfiguration;
			buildSettings = {
				ALWAYS_SEARCH_USER_PATHS = NO;
				ASSETCATALOG_COMPILER_GENERATE_SWIFT_ASSET_SYMBOL_EXTENSIONS = YES;
				CLANG_ANALYZER_NONNULL = YES;
				CLANG_ANALYZER_NUMBER_OBJECT_CONVERSION = YES_AGGRESSIVE;
				CLANG_CXX_LANGUAGE_STANDARD = "gnu++20";
				CLANG_ENABLE_MODULES = YES;
				CLANG_ENABLE_OBJC_ARC = YES;
				CLANG_ENABLE_OBJC_WEAK = YES;
				CLANG_WARN_BLOCK_CAPTURE_AUTORELEASING = YES;
				CLANG_WARN_BOOL_CONVERSION = YES;
				CLANG_WARN_COMMA = YES;
				CLANG_WARN_CONSTANT_CONVERSION = YES;
				CLANG_WARN_DEPRECATED_OBJC_IMPLEMENTATIONS = YES;
				CLANG_WARN_DIRECT_OBJC_ISA_USAGE = YES_ERROR;
				CLANG_WARN_DOCUMENTATION_COMMENTS = YES;
				CLANG_WARN_EMPTY_BODY = YES;
				CLANG_WARN_ENUM_CONVERSION = YES;
				CLANG_WARN_INFINITE_RECURSION = YES;
				CLANG_WARN_INT_CONVERSION = YES;
				CLANG_WARN_NON_LITERAL_NULL_CONVERSION = YES;
				CLANG_WARN_OBJC_IMPLICIT_RETAIN_SELF = YES;
				CLANG_WARN_OBJC_LITERAL_CONVERSION = YES;
				CLANG_WARN_OBJC_ROOT_CLASS = YES_ERROR;
				CLANG_WARN_QUOTED_INCLUDE_IN_FRAMEWORK_HEADER = YES;
				CLANG_WARN_RANGE_LOOP_ANALYSIS = YES;
				CLANG_WARN_STRICT_PROTOTYPES = YES;
				CLANG_WARN_SUSPICIOUS_MOVE = YES;
				CLANG_WARN_UNGUARDED_AVAILABILITY = YES_AGGRESSIVE;
				CLANG_WARN_UNREACHABLE_CODE = YES;
				CLANG_WARN__DUPLICATE_METHOD_MATCH = YES;
				COPY_PHASE_STRIP = NO;
				DEAD_CODE_STRIPPING = YES;
				DEBUG_INFORMATION_FORMAT = dwarf;
				DEVELOPMENT_TEAM = 259B7JUXCA;
				ENABLE_STRICT_OBJC_MSGSEND = YES;
				ENABLE_TESTABILITY = YES;
				ENABLE_USER_SCRIPT_SANDBOXING = YES;
				GCC_C_LANGUAGE_STANDARD = gnu17;
				GCC_DYNAMIC_NO_PIC = NO;
				GCC_NO_COMMON_BLOCKS = YES;
				GCC_OPTIMIZATION_LEVEL = 0;
				GCC_PREPROCESSOR_DEFINITIONS = (
					"DEBUG=1",
					"$(inherited)",
				);
				GCC_WARN_64_TO_32_BIT_CONVERSION = YES;
				GCC_WARN_ABOUT_RETURN_TYPE = YES_ERROR;
				GCC_WARN_UNDECLARED_SELECTOR = YES;
				GCC_WARN_UNINITIALIZED_AUTOS = YES_AGGRESSIVE;
				GCC_WARN_UNUSED_FUNCTION = YES;
				GCC_WARN_UNUSED_VARIABLE = YES;
				LOCALIZATION_PREFERS_STRING_CATALOGS = YES;
				MTL_ENABLE_DEBUG_INFO = INCLUDE_SOURCE;
				MTL_FAST_MATH = YES;
				ONLY_ACTIVE_ARCH = YES;
				STRING_CATALOG_GENERATE_SYMBOLS = YES;
				SWIFT_ACTIVE_COMPILATION_CONDITIONS = "DEBUG $(inherited)";
				SWIFT_OPTIMIZATION_LEVEL = "-Onone";
			};
			name = Debug;
		};
		37DCBDA82D4F220000F87CB6 /* Release */ = {
			isa = XCBuildConfiguration;
			buildSettings = {
				ALWAYS_SEARCH_USER_PATHS = NO;
				ASSETCATALOG_COMPILER_GENERATE_SWIFT_ASSET_SYMBOL_EXTENSIONS = YES;
				CLANG_ANALYZER_NONNULL = YES;
				CLANG_ANALYZER_NUMBER_OBJECT_CONVERSION = YES_AGGRESSIVE;
				CLANG_CXX_LANGUAGE_STANDARD = "gnu++20";
				CLANG_ENABLE_MODULES = YES;
				CLANG_ENABLE_OBJC_ARC = YES;
				CLANG_ENABLE_OBJC_WEAK = YES;
				CLANG_WARN_BLOCK_CAPTURE_AUTORELEASING = YES;
				CLANG_WARN_BOOL_CONVERSION = YES;
				CLANG_WARN_COMMA = YES;
				CLANG_WARN_CONSTANT_CONVERSION = YES;
				CLANG_WARN_DEPRECATED_OBJC_IMPLEMENTATIONS = YES;
				CLANG_WARN_DIRECT_OBJC_ISA_USAGE = YES_ERROR;
				CLANG_WARN_DOCUMENTATION_COMMENTS = YES;
				CLANG_WARN_EMPTY_BODY = YES;
				CLANG_WARN_ENUM_CONVERSION = YES;
				CLANG_WARN_INFINITE_RECURSION = YES;
				CLANG_WARN_INT_CONVERSION = YES;
				CLANG_WARN_NON_LITERAL_NULL_CONVERSION = YES;
				CLANG_WARN_OBJC_IMPLICIT_RETAIN_SELF = YES;
				CLANG_WARN_OBJC_LITERAL_CONVERSION = YES;
				CLANG_WARN_OBJC_ROOT_CLASS = YES_ERROR;
				CLANG_WARN_QUOTED_INCLUDE_IN_FRAMEWORK_HEADER = YES;
				CLANG_WARN_RANGE_LOOP_ANALYSIS = YES;
				CLANG_WARN_STRICT_PROTOTYPES = YES;
				CLANG_WARN_SUSPICIOUS_MOVE = YES;
				CLANG_WARN_UNGUARDED_AVAILABILITY = YES_AGGRESSIVE;
				CLANG_WARN_UNREACHABLE_CODE = YES;
				CLANG_WARN__DUPLICATE_METHOD_MATCH = YES;
				COPY_PHASE_STRIP = NO;
				DEAD_CODE_STRIPPING = YES;
				DEBUG_INFORMATION_FORMAT = "dwarf-with-dsym";
				DEVELOPMENT_TEAM = 259B7JUXCA;
				ENABLE_NS_ASSERTIONS = NO;
				ENABLE_STRICT_OBJC_MSGSEND = YES;
				ENABLE_USER_SCRIPT_SANDBOXING = YES;
				GCC_C_LANGUAGE_STANDARD = gnu17;
				GCC_NO_COMMON_BLOCKS = YES;
				GCC_WARN_64_TO_32_BIT_CONVERSION = YES;
				GCC_WARN_ABOUT_RETURN_TYPE = YES_ERROR;
				GCC_WARN_UNDECLARED_SELECTOR = YES;
				GCC_WARN_UNINITIALIZED_AUTOS = YES_AGGRESSIVE;
				GCC_WARN_UNUSED_FUNCTION = YES;
				GCC_WARN_UNUSED_VARIABLE = YES;
				LOCALIZATION_PREFERS_STRING_CATALOGS = YES;
				MTL_ENABLE_DEBUG_INFO = NO;
				MTL_FAST_MATH = YES;
				STRING_CATALOG_GENERATE_SYMBOLS = YES;
				SWIFT_COMPILATION_MODE = wholemodule;
			};
			name = Release;
		};
		37DCBDAA2D4F220000F87CB6 /* Debug */ = {
			isa = XCBuildConfiguration;
			buildSettings = {
				ASSETCATALOG_COMPILER_APPICON_NAME = AppIcon;
				ASSETCATALOG_COMPILER_GLOBAL_ACCENT_COLOR_NAME = AccentColor;
				CODE_SIGN_ENTITLEMENTS = SimpleNews/SimpleNews.entitlements;
				"CODE_SIGN_IDENTITY[sdk=macosx*]" = "Apple Development";
				CODE_SIGN_STYLE = Automatic;
				CURRENT_PROJECT_VERSION = 1;
				DEAD_CODE_STRIPPING = YES;
				DEVELOPMENT_ASSET_PATHS = "\"SimpleNews/Preview Content\"";
				DEVELOPMENT_TEAM = 259B7JUXCA;
				ENABLE_APP_SANDBOX = YES;
				ENABLE_HARDENED_RUNTIME = YES;
				ENABLE_PREVIEWS = YES;
				ENABLE_USER_SELECTED_FILES = readonly;
				GENERATE_INFOPLIST_FILE = YES;
				"INFOPLIST_KEY_UIApplicationSceneManifest_Generation[sdk=iphoneos*]" = YES;
				"INFOPLIST_KEY_UIApplicationSceneManifest_Generation[sdk=iphonesimulator*]" = YES;
				"INFOPLIST_KEY_UIApplicationSupportsIndirectInputEvents[sdk=iphoneos*]" = YES;
				"INFOPLIST_KEY_UIApplicationSupportsIndirectInputEvents[sdk=iphonesimulator*]" = YES;
				"INFOPLIST_KEY_UILaunchScreen_Generation[sdk=iphoneos*]" = YES;
				"INFOPLIST_KEY_UILaunchScreen_Generation[sdk=iphonesimulator*]" = YES;
				"INFOPLIST_KEY_UIStatusBarStyle[sdk=iphoneos*]" = UIStatusBarStyleDefault;
				"INFOPLIST_KEY_UIStatusBarStyle[sdk=iphonesimulator*]" = UIStatusBarStyleDefault;
				INFOPLIST_KEY_UISupportedInterfaceOrientations_iPad = "UIInterfaceOrientationPortrait UIInterfaceOrientationPortraitUpsideDown UIInterfaceOrientationLandscapeLeft UIInterfaceOrientationLandscapeRight";
				INFOPLIST_KEY_UISupportedInterfaceOrientations_iPhone = "UIInterfaceOrientationPortrait UIInterfaceOrientationLandscapeLeft UIInterfaceOrientationLandscapeRight";
				IPHONEOS_DEPLOYMENT_TARGET = 18.2;
				LD_RUNPATH_SEARCH_PATHS = "@executable_path/Frameworks";
				"LD_RUNPATH_SEARCH_PATHS[sdk=macosx*]" = "@executable_path/../Frameworks";
				MACOSX_DEPLOYMENT_TARGET = 14.0;
				MARKETING_VERSION = 1.0;
				PRODUCT_BUNDLE_IDENTIFIER = "zeltzer.alpha-simplenews.SimpleNews";
				PRODUCT_NAME = "$(TARGET_NAME)";
				SDKROOT = auto;
				SUPPORTED_PLATFORMS = "iphoneos iphonesimulator macosx xros xrsimulator";
				SWIFT_EMIT_LOC_STRINGS = YES;
				SWIFT_VERSION = 5.0;
				TARGETED_DEVICE_FAMILY = "1,2,7";
				XROS_DEPLOYMENT_TARGET = 2.2;
			};
			name = Debug;
		};
		37DCBDAB2D4F220000F87CB6 /* Release */ = {
			isa = XCBuildConfiguration;
			buildSettings = {
				ASSETCATALOG_COMPILER_APPICON_NAME = AppIcon;
				ASSETCATALOG_COMPILER_GLOBAL_ACCENT_COLOR_NAME = AccentColor;
				CODE_SIGN_ENTITLEMENTS = SimpleNews/SimpleNews.entitlements;
				"CODE_SIGN_IDENTITY[sdk=macosx*]" = "Apple Development";
				CODE_SIGN_STYLE = Automatic;
				CURRENT_PROJECT_VERSION = 1;
				DEAD_CODE_STRIPPING = YES;
				DEVELOPMENT_ASSET_PATHS = "\"SimpleNews/Preview Content\"";
				DEVELOPMENT_TEAM = 259B7JUXCA;
				ENABLE_APP_SANDBOX = YES;
				ENABLE_HARDENED_RUNTIME = YES;
				ENABLE_PREVIEWS = YES;
				ENABLE_USER_SELECTED_FILES = readonly;
				GENERATE_INFOPLIST_FILE = YES;
				"INFOPLIST_KEY_UIApplicationSceneManifest_Generation[sdk=iphoneos*]" = YES;
				"INFOPLIST_KEY_UIApplicationSceneManifest_Generation[sdk=iphonesimulator*]" = YES;
				"INFOPLIST_KEY_UIApplicationSupportsIndirectInputEvents[sdk=iphoneos*]" = YES;
				"INFOPLIST_KEY_UIApplicationSupportsIndirectInputEvents[sdk=iphonesimulator*]" = YES;
				"INFOPLIST_KEY_UILaunchScreen_Generation[sdk=iphoneos*]" = YES;
				"INFOPLIST_KEY_UILaunchScreen_Generation[sdk=iphonesimulator*]" = YES;
				"INFOPLIST_KEY_UIStatusBarStyle[sdk=iphoneos*]" = UIStatusBarStyleDefault;
				"INFOPLIST_KEY_UIStatusBarStyle[sdk=iphonesimulator*]" = UIStatusBarStyleDefault;
				INFOPLIST_KEY_UISupportedInterfaceOrientations_iPad = "UIInterfaceOrientationPortrait UIInterfaceOrientationPortraitUpsideDown UIInterfaceOrientationLandscapeLeft UIInterfaceOrientationLandscapeRight";
				INFOPLIST_KEY_UISupportedInterfaceOrientations_iPhone = "UIInterfaceOrientationPortrait UIInterfaceOrientationLandscapeLeft UIInterfaceOrientationLandscapeRight";
				IPHONEOS_DEPLOYMENT_TARGET = 18.2;
				LD_RUNPATH_SEARCH_PATHS = "@executable_path/Frameworks";
				"LD_RUNPATH_SEARCH_PATHS[sdk=macosx*]" = "@executable_path/../Frameworks";
				MACOSX_DEPLOYMENT_TARGET = 14.0;
				MARKETING_VERSION = 1.0;
				PRODUCT_BUNDLE_IDENTIFIER = "zeltzer.alpha-simplenews.SimpleNews";
				PRODUCT_NAME = "$(TARGET_NAME)";
				SDKROOT = auto;
				SUPPORTED_PLATFORMS = "iphoneos iphonesimulator macosx xros xrsimulator";
				SWIFT_EMIT_LOC_STRINGS = YES;
				SWIFT_VERSION = 5.0;
				TARGETED_DEVICE_FAMILY = "1,2,7";
				XROS_DEPLOYMENT_TARGET = 2.2;
			};
			name = Release;
		};
		37DCBDAD2D4F220000F87CB6 /* Debug */ = {
			isa = XCBuildConfiguration;
			buildSettings = {
				BUNDLE_LOADER = "$(TEST_HOST)";
				CODE_SIGN_STYLE = Automatic;
				CURRENT_PROJECT_VERSION = 1;
				DEAD_CODE_STRIPPING = YES;
				GENERATE_INFOPLIST_FILE = YES;
				IPHONEOS_DEPLOYMENT_TARGET = 18.2;
				MACOSX_DEPLOYMENT_TARGET = 15.1;
				MARKETING_VERSION = 1.0;
				PRODUCT_BUNDLE_IDENTIFIER = "zeltzer.alpha-simplenews.SimpleNewsTests";
				PRODUCT_NAME = "$(TARGET_NAME)";
				SDKROOT = auto;
				SUPPORTED_PLATFORMS = "iphoneos iphonesimulator macosx xros xrsimulator";
				SWIFT_EMIT_LOC_STRINGS = NO;
				SWIFT_VERSION = 5.0;
				TARGETED_DEVICE_FAMILY = "1,2,7";
				TEST_HOST = "$(BUILT_PRODUCTS_DIR)/SimpleNews.app/$(BUNDLE_EXECUTABLE_FOLDER_PATH)/SimpleNews";
				XROS_DEPLOYMENT_TARGET = 2.2;
			};
			name = Debug;
		};
		37DCBDAE2D4F220000F87CB6 /* Release */ = {
			isa = XCBuildConfiguration;
			buildSettings = {
				BUNDLE_LOADER = "$(TEST_HOST)";
				CODE_SIGN_STYLE = Automatic;
				CURRENT_PROJECT_VERSION = 1;
				DEAD_CODE_STRIPPING = YES;
				GENERATE_INFOPLIST_FILE = YES;
				IPHONEOS_DEPLOYMENT_TARGET = 18.2;
				MACOSX_DEPLOYMENT_TARGET = 15.1;
				MARKETING_VERSION = 1.0;
				PRODUCT_BUNDLE_IDENTIFIER = "zeltzer.alpha-simplenews.SimpleNewsTests";
				PRODUCT_NAME = "$(TARGET_NAME)";
				SDKROOT = auto;
				SUPPORTED_PLATFORMS = "iphoneos iphonesimulator macosx xros xrsimulator";
				SWIFT_EMIT_LOC_STRINGS = NO;
				SWIFT_VERSION = 5.0;
				TARGETED_DEVICE_FAMILY = "1,2,7";
				TEST_HOST = "$(BUILT_PRODUCTS_DIR)/SimpleNews.app/$(BUNDLE_EXECUTABLE_FOLDER_PATH)/SimpleNews";
				XROS_DEPLOYMENT_TARGET = 2.2;
			};
			name = Release;
		};
		37DCBDB02D4F220000F87CB6 /* Debug */ = {
			isa = XCBuildConfiguration;
			buildSettings = {
				CODE_SIGN_STYLE = Automatic;
				CURRENT_PROJECT_VERSION = 1;
				DEAD_CODE_STRIPPING = YES;
				GENERATE_INFOPLIST_FILE = YES;
				IPHONEOS_DEPLOYMENT_TARGET = 18.2;
				MACOSX_DEPLOYMENT_TARGET = 15.1;
				MARKETING_VERSION = 1.0;
				PRODUCT_BUNDLE_IDENTIFIER = "zeltzer.alpha-simplenews.SimpleNewsUITests";
				PRODUCT_NAME = "$(TARGET_NAME)";
				SDKROOT = auto;
				SUPPORTED_PLATFORMS = "iphoneos iphonesimulator macosx xros xrsimulator";
				SWIFT_EMIT_LOC_STRINGS = NO;
				SWIFT_VERSION = 5.0;
				TARGETED_DEVICE_FAMILY = "1,2,7";
				TEST_TARGET_NAME = SimpleNews;
				XROS_DEPLOYMENT_TARGET = 2.2;
			};
			name = Debug;
		};
		37DCBDB12D4F220000F87CB6 /* Release */ = {
			isa = XCBuildConfiguration;
			buildSettings = {
				CODE_SIGN_STYLE = Automatic;
				CURRENT_PROJECT_VERSION = 1;
				DEAD_CODE_STRIPPING = YES;
				GENERATE_INFOPLIST_FILE = YES;
				IPHONEOS_DEPLOYMENT_TARGET = 18.2;
				MACOSX_DEPLOYMENT_TARGET = 15.1;
				MARKETING_VERSION = 1.0;
				PRODUCT_BUNDLE_IDENTIFIER = "zeltzer.alpha-simplenews.SimpleNewsUITests";
				PRODUCT_NAME = "$(TARGET_NAME)";
				SDKROOT = auto;
				SUPPORTED_PLATFORMS = "iphoneos iphonesimulator macosx xros xrsimulator";
				SWIFT_EMIT_LOC_STRINGS = NO;
				SWIFT_VERSION = 5.0;
				TARGETED_DEVICE_FAMILY = "1,2,7";
				TEST_TARGET_NAME = SimpleNews;
				XROS_DEPLOYMENT_TARGET = 2.2;
			};
			name = Release;
		};
/* End XCBuildConfiguration section */

/* Begin XCConfigurationList section */
		37DCBD7D2D4F21FE00F87CB6 /* Build configuration list for PBXProject "SimpleNews" */ = {
			isa = XCConfigurationList;
			buildConfigurations = (
				37DCBDA72D4F220000F87CB6 /* Debug */,
				37DCBDA82D4F220000F87CB6 /* Release */,
			);
			defaultConfigurationIsVisible = 0;
			defaultConfigurationName = Release;
		};
		37DCBDA92D4F220000F87CB6 /* Build configuration list for PBXNativeTarget "SimpleNews" */ = {
			isa = XCConfigurationList;
			buildConfigurations = (
				37DCBDAA2D4F220000F87CB6 /* Debug */,
				37DCBDAB2D4F220000F87CB6 /* Release */,
			);
			defaultConfigurationIsVisible = 0;
			defaultConfigurationName = Release;
		};
		37DCBDAC2D4F220000F87CB6 /* Build configuration list for PBXNativeTarget "SimpleNewsTests" */ = {
			isa = XCConfigurationList;
			buildConfigurations = (
				37DCBDAD2D4F220000F87CB6 /* Debug */,
				37DCBDAE2D4F220000F87CB6 /* Release */,
			);
			defaultConfigurationIsVisible = 0;
			defaultConfigurationName = Release;
		};
		37DCBDAF2D4F220000F87CB6 /* Build configuration list for PBXNativeTarget "SimpleNewsUITests" */ = {
			isa = XCConfigurationList;
			buildConfigurations = (
				37DCBDB02D4F220000F87CB6 /* Debug */,
				37DCBDB12D4F220000F87CB6 /* Release */,
			);
			defaultConfigurationIsVisible = 0;
			defaultConfigurationName = Release;
		};
/* End XCConfigurationList section */

/* Begin XCRemoteSwiftPackageReference section */
		37565E9F2F4529C00001F4D6 /* XCRemoteSwiftPackageReference "swift-readability" */ = {
			isa = XCRemoteSwiftPackageReference;
			repositoryURL = "https://github.com/Ryu0118/swift-readability";
			requirement = {
				kind = upToNextMajorVersion;
				minimumVersion = 0.3.0;
			};
		};
/* End XCRemoteSwiftPackageReference section */

/* Begin XCSwiftPackageProductDependency section */
		37565EA12F452C700001F4D6 /* Readability */ = {
			isa = XCSwiftPackageProductDependency;
			package = 37565E9F2F4529C00001F4D6 /* XCRemoteSwiftPackageReference "swift-readability" */;
			productName = Readability;
		};
		37565EA32F452C700001F4D6 /* ReadabilityUI */ = {
			isa = XCSwiftPackageProductDependency;
			package = 37565E9F2F4529C00001F4D6 /* XCRemoteSwiftPackageReference "swift-readability" */;
			productName = ReadabilityUI;
		};
/* End XCSwiftPackageProductDependency section */
	};
	rootObject = 37DCBD7A2D4F21FE00F87CB6 /* Project object */;
}
